
Microsoft Visual Studio Solution File, Format Version 12.00
# Visual Studio Version 17
VisualStudioVersion = 17.14.36623.8 d17.14
MinimumVisualStudioVersion = 10.0.40219.1
Project("{FAE04EC0-301F-11D3-BF4B-00C04F79EFBC}") = "BookStore.API", "BookStore.API\BookStore.API.csproj", "{CBD6C552-4DA2-49A6-8CB1-78F65EB76390}"
EndProject
Global
	GlobalSection(SolutionConfigurationPlatforms) = preSolution
		Debug|Any CPU = Debug|Any CPU
		Release|Any CPU = Release|Any CPU
	EndGlobalSection
	GlobalSection(ProjectConfigurationPlatforms) = postSolution
		{CBD6C552-4DA2-49A6-8CB1-78F65EB76390}.Debug|Any CPU.ActiveCfg = Debug|Any CPU
		{CBD6C552-4DA2-49A6-8CB1-78F65EB76390}.Debug|Any CPU.Build.0 = Debug|Any CPU
		{CBD6C552-4DA2-49A6-8CB1-78F65EB76390}.Release|Any CPU.ActiveCfg = Release|Any CPU
		{CBD6C552-4DA2-49A6-8CB1-78F65EB76390}.Release|Any CPU.Build.0 = Release|Any CPU
	EndGlobalSection
	GlobalSection(SolutionProperties) = preSolution
		HideSolutionNode = FALSE
	EndGlobalSection
	GlobalSection(ExtensibilityGlobals) = postSolution
		SolutionGuid = {0C2C4470-A79A-49BF-83C5-00A5609E80E5}
	EndGlobalSection
EndGlobal
