
Microsoft Visual Studio Solution File, Format Version 12.00
# Visual Studio Version 18
VisualStudioVersion = 18.0.11217.181 d18.0
MinimumVisualStudioVersion = 10.0.40219.1
Project("{FAE04EC0-301F-11D3-BF4B-00C04F79EFBC}") = "BookStore.API", "BookStore.API\BookStore.API.csproj", "{CBD6C552-4DA2-49A6-8CB1-78F65EB76390}"
EndProject
Project("{2150E333-8FDC-42A3-9474-1A3956D46DE8}") = "Solution Items", "Solution Items", "{E1E643F0-157E-45C4-B4F1-ADF21A11EF3F}"
	ProjectSection(SolutionItems) = preProject
		README.md = README.md
	EndProjectSection
EndProject
Global
	GlobalSection(SolutionConfigurationPlatforms) = preSolution
		Debug|Any CPU = Debug|Any CPU
		Release|Any CPU = Release|Any CPU
	EndGlobalSection
	GlobalSection(ProjectConfigurationPlatforms) = postSolution
		{CBD6C552-4DA2-49A6-8CB1-78F65EB76390}.Debug|Any CPU.ActiveCfg = Debug|Any CPU
		{CBD6C552-4DA2-49A6-8CB1-78F65EB76390}.Debug|Any CPU.Build.0 = Debug|Any CPU
		{CBD6C552-4DA2-49A6-8CB1-78F65EB76390}.Release|Any CPU.ActiveCfg = Release|Any CPU
		{CBD6C552-4DA2-49A6-8CB1-78F65EB76390}.Release|Any CPU.Build.0 = Release|Any CPU
	EndGlobalSection
	GlobalSection(SolutionProperties) = preSolution
		HideSolutionNode = FALSE
	EndGlobalSection
	GlobalSection(ExtensibilityGlobals) = postSolution
		SolutionGuid = {0C2C4470-A79A-49BF-83C5-00A5609E80E5}
	EndGlobalSection
EndGlobal
